
Microsoft Visual Studio Solution File, Format Version 12.00
# Visual Studio Version 17
VisualStudioVersion = 17.7.34221.43
MinimumVisualStudioVersion = 10.0.40219.1
Project("{FAE04EC0-301F-11D3-BF4B-00C04F79EFBC}") = "verificar impar_par", "verificar impar_par.csproj", "{999891C2-158D-4E01-9B3B-659B862764A7}"
EndProject
Global
	GlobalSection(SolutionConfigurationPlatforms) = preSolution
		Debug|Any CPU = Debug|Any CPU
		Release|Any CPU = Release|Any CPU
	EndGlobalSection
	GlobalSection(ProjectConfigurationPlatforms) = postSolution
		{999891C2-158D-4E01-9B3B-659B862764A7}.Debug|Any CPU.ActiveCfg = Debug|Any CPU
		{999891C2-158D-4E01-9B3B-659B862764A7}.Debug|Any CPU.Build.0 = Debug|Any CPU
		{999891C2-158D-4E01-9B3B-659B862764A7}.Release|Any CPU.ActiveCfg = Release|Any CPU
		{999891C2-158D-4E01-9B3B-659B862764A7}.Release|Any CPU.Build.0 = Release|Any CPU
	EndGlobalSection
	GlobalSection(SolutionProperties) = preSolution
		HideSolutionNode = FALSE
	EndGlobalSection
	GlobalSection(ExtensibilityGlobals) = postSolution
		SolutionGuid = {2B2B8EBB-0B39-437C-A386-7B6EB8BCE4D0}
	EndGlobalSection
EndGlobal
