
Microsoft Visual Studio Solution File, Format Version 12.00
# Visual Studio Version 17
VisualStudioVersion = 17.7.34221.43
MinimumVisualStudioVersion = 10.0.40219.1
Project("{FAE04EC0-301F-11D3-BF4B-00C04F79EFBC}") = "Soma dos Números Pares", "Soma dos Números Pares\Soma dos Números Pares.csproj", "{F449B46E-D086-4F18-9301-190A80BA03BA}"
EndProject
Global
	GlobalSection(SolutionConfigurationPlatforms) = preSolution
		Debug|Any CPU = Debug|Any CPU
		Release|Any CPU = Release|Any CPU
	EndGlobalSection
	GlobalSection(ProjectConfigurationPlatforms) = postSolution
		{F449B46E-D086-4F18-9301-190A80BA03BA}.Debug|Any CPU.ActiveCfg = Debug|Any CPU
		{F449B46E-D086-4F18-9301-190A80BA03BA}.Debug|Any CPU.Build.0 = Debug|Any CPU
		{F449B46E-D086-4F18-9301-190A80BA03BA}.Release|Any CPU.ActiveCfg = Release|Any CPU
		{F449B46E-D086-4F18-9301-190A80BA03BA}.Release|Any CPU.Build.0 = Release|Any CPU
	EndGlobalSection
	GlobalSection(SolutionProperties) = preSolution
		HideSolutionNode = FALSE
	EndGlobalSection
	GlobalSection(ExtensibilityGlobals) = postSolution
		SolutionGuid = {7DA7FA0A-BFD7-417F-98A8-DDC615C22DBF}
	EndGlobalSection
EndGlobal
